
Microsoft Visual Studio Solution File, Format Version 12.00
# Visual Studio 14
VisualStudioVersion = 14.0.25420.1
MinimumVisualStudioVersion = 10.0.40219.1
Project("{FAE04EC0-301F-11D3-BF4B-00C04F79EFBC}") = "Ups.OA.Common", "Ups.OA.Common\Ups.OA.Common.csproj", "{B85411D5-4B82-4AA3-965A-D4E7CC6FF898}"
EndProject
Project("{FAE04EC0-301F-11D3-BF4B-00C04F79EFBC}") = "Ups.OA.BLL", "Ups.OA.BLL\Ups.OA.BLL.csproj", "{1FC4866C-4B94-4250-BAAD-89FAED9420B1}"
EndProject
Project("{FAE04EC0-301F-11D3-BF4B-00C04F79EFBC}") = "Ups.OA.EFDAL", "Ups.OA.EFDAL\Ups.OA.EFDAL.csproj", "{909C5C5D-506E-4596-ACEB-3CD40877F6DF}"
EndProject
Project("{FAE04EC0-301F-11D3-BF4B-00C04F79EFBC}") = "Ups.OA.Model", "Ups.OA.Model\Ups.OA.Model.csproj", "{C6C7898C-0261-492E-9E37-80DD6A0AADCA}"
EndProject
Project("{FAE04EC0-301F-11D3-BF4B-00C04F79EFBC}") = "Ups.OA.UI.Portal", "Ups.OA.UI.Portal\Ups.OA.UI.Portal.csproj", "{93775AB6-DDCF-4AD5-B52F-45DF7B9B498C}"
EndProject
Project("{FAE04EC0-301F-11D3-BF4B-00C04F79EFBC}") = "Ups.OA.UnitTest", "Ups.OA.UnitTest\Ups.OA.UnitTest.csproj", "{1557DB07-3208-406B-A257-DC0D76A3E2C7}"
EndProject
Project("{FAE04EC0-301F-11D3-BF4B-00C04F79EFBC}") = "Ups.OA.IDAL", "Ups.OA.IDAL\Ups.OA.IDAL.csproj", "{918A8BEA-046B-4E7E-A97A-B8B1BAD0999E}"
EndProject
Project("{FAE04EC0-301F-11D3-BF4B-00C04F79EFBC}") = "Ups.OA.NHDAL", "Ups.OA.NHDAL\Ups.OA.NHDAL.csproj", "{8F641D89-51AA-4190-BF28-ED5D15DA2B33}"
EndProject
Project("{FAE04EC0-301F-11D3-BF4B-00C04F79EFBC}") = "Ups.OA.DALFactory", "Ups.OA.DALFactory\Ups.OA.DALFactory.csproj", "{0A73DBDD-F212-44E0-A981-2AA92278C6AC}"
EndProject
Project("{FAE04EC0-301F-11D3-BF4B-00C04F79EFBC}") = "Ups.OA.IBLL", "Ups.OA.IBLL\Ups.OA.IBLL.csproj", "{904B1A7B-E44E-4CAE-8002-6CC27E418004}"
EndProject
Project("{2150E333-8FDC-42A3-9474-1A3956D46DE8}") = "DAL", "DAL", "{C09F1606-01AC-45E5-B18D-CCFBDE505B83}"
EndProject
Project("{2150E333-8FDC-42A3-9474-1A3956D46DE8}") = "BLL", "BLL", "{88FC391E-D9AC-40B2-A57F-5C2678EC3920}"
EndProject
Project("{2150E333-8FDC-42A3-9474-1A3956D46DE8}") = "Model", "Model", "{8BD6C67F-425A-4E20-937D-40FDF93EFC8F}"
EndProject
Project("{2150E333-8FDC-42A3-9474-1A3956D46DE8}") = "Common", "Common", "{B1AEE6C3-0156-4E9C-B9F8-510E58F5BD50}"
EndProject
Project("{2150E333-8FDC-42A3-9474-1A3956D46DE8}") = "UI", "UI", "{427727CF-5C18-446C-944D-BBE021BDBE83}"
EndProject
Project("{2150E333-8FDC-42A3-9474-1A3956D46DE8}") = "UnitTest", "UnitTest", "{BE5A7592-B2BF-46F9-9B95-6FC5B4D5EC25}"
EndProject
Project("{2150E333-8FDC-42A3-9474-1A3956D46DE8}") = "Demo", "Demo", "{CAC03C1C-CDF6-4A3A-905E-E261BDD2BCDA}"
EndProject
Project("{FAE04EC0-301F-11D3-BF4B-00C04F79EFBC}") = "SpringNetDemo", "SpringNetDemo\SpringNetDemo.csproj", "{FA1FB33E-408E-427E-AECB-BB5737854FCB}"
EndProject
Project("{FAE04EC0-301F-11D3-BF4B-00C04F79EFBC}") = "MVC", "MVC\MVC.csproj", "{82175383-839F-459E-A771-4C06A9DBA69B}"
EndProject
Project("{FAE04EC0-301F-11D3-BF4B-00C04F79EFBC}") = "T4Demos", "T4Demos\T4Demos.csproj", "{0ED3023C-4EA4-4ABD-BFF3-69C8DF34647F}"
EndProject
Global
	GlobalSection(SolutionConfigurationPlatforms) = preSolution
		Debug|Any CPU = Debug|Any CPU
		Release|Any CPU = Release|Any CPU
	EndGlobalSection
	GlobalSection(ProjectConfigurationPlatforms) = postSolution
		{B85411D5-4B82-4AA3-965A-D4E7CC6FF898}.Debug|Any CPU.ActiveCfg = Debug|Any CPU
		{B85411D5-4B82-4AA3-965A-D4E7CC6FF898}.Debug|Any CPU.Build.0 = Debug|Any CPU
		{B85411D5-4B82-4AA3-965A-D4E7CC6FF898}.Release|Any CPU.ActiveCfg = Release|Any CPU
		{B85411D5-4B82-4AA3-965A-D4E7CC6FF898}.Release|Any CPU.Build.0 = Release|Any CPU
		{1FC4866C-4B94-4250-BAAD-89FAED9420B1}.Debug|Any CPU.ActiveCfg = Debug|Any CPU
		{1FC4866C-4B94-4250-BAAD-89FAED9420B1}.Debug|Any CPU.Build.0 = Debug|Any CPU
		{1FC4866C-4B94-4250-BAAD-89FAED9420B1}.Release|Any CPU.ActiveCfg = Release|Any CPU
		{1FC4866C-4B94-4250-BAAD-89FAED9420B1}.Release|Any CPU.Build.0 = Release|Any CPU
		{909C5C5D-506E-4596-ACEB-3CD40877F6DF}.Debug|Any CPU.ActiveCfg = Debug|Any CPU
		{909C5C5D-506E-4596-ACEB-3CD40877F6DF}.Debug|Any CPU.Build.0 = Debug|Any CPU
		{909C5C5D-506E-4596-ACEB-3CD40877F6DF}.Release|Any CPU.ActiveCfg = Release|Any CPU
		{909C5C5D-506E-4596-ACEB-3CD40877F6DF}.Release|Any CPU.Build.0 = Release|Any CPU
		{C6C7898C-0261-492E-9E37-80DD6A0AADCA}.Debug|Any CPU.ActiveCfg = Debug|Any CPU
		{C6C7898C-0261-492E-9E37-80DD6A0AADCA}.Debug|Any CPU.Build.0 = Debug|Any CPU
		{C6C7898C-0261-492E-9E37-80DD6A0AADCA}.Release|Any CPU.ActiveCfg = Release|Any CPU
		{C6C7898C-0261-492E-9E37-80DD6A0AADCA}.Release|Any CPU.Build.0 = Release|Any CPU
		{93775AB6-DDCF-4AD5-B52F-45DF7B9B498C}.Debug|Any CPU.ActiveCfg = Debug|Any CPU
		{93775AB6-DDCF-4AD5-B52F-45DF7B9B498C}.Debug|Any CPU.Build.0 = Debug|Any CPU
		{93775AB6-DDCF-4AD5-B52F-45DF7B9B498C}.Release|Any CPU.ActiveCfg = Release|Any CPU
		{93775AB6-DDCF-4AD5-B52F-45DF7B9B498C}.Release|Any CPU.Build.0 = Release|Any CPU
		{1557DB07-3208-406B-A257-DC0D76A3E2C7}.Debug|Any CPU.ActiveCfg = Debug|Any CPU
		{1557DB07-3208-406B-A257-DC0D76A3E2C7}.Debug|Any CPU.Build.0 = Debug|Any CPU
		{1557DB07-3208-406B-A257-DC0D76A3E2C7}.Release|Any CPU.ActiveCfg = Release|Any CPU
		{1557DB07-3208-406B-A257-DC0D76A3E2C7}.Release|Any CPU.Build.0 = Release|Any CPU
		{918A8BEA-046B-4E7E-A97A-B8B1BAD0999E}.Debug|Any CPU.ActiveCfg = Debug|Any CPU
		{918A8BEA-046B-4E7E-A97A-B8B1BAD0999E}.Debug|Any CPU.Build.0 = Debug|Any CPU
		{918A8BEA-046B-4E7E-A97A-B8B1BAD0999E}.Release|Any CPU.ActiveCfg = Release|Any CPU
		{918A8BEA-046B-4E7E-A97A-B8B1BAD0999E}.Release|Any CPU.Build.0 = Release|Any CPU
		{8F641D89-51AA-4190-BF28-ED5D15DA2B33}.Debug|Any CPU.ActiveCfg = Debug|Any CPU
		{8F641D89-51AA-4190-BF28-ED5D15DA2B33}.Debug|Any CPU.Build.0 = Debug|Any CPU
		{8F641D89-51AA-4190-BF28-ED5D15DA2B33}.Release|Any CPU.ActiveCfg = Release|Any CPU
		{8F641D89-51AA-4190-BF28-ED5D15DA2B33}.Release|Any CPU.Build.0 = Release|Any CPU
		{0A73DBDD-F212-44E0-A981-2AA92278C6AC}.Debug|Any CPU.ActiveCfg = Debug|Any CPU
		{0A73DBDD-F212-44E0-A981-2AA92278C6AC}.Debug|Any CPU.Build.0 = Debug|Any CPU
		{0A73DBDD-F212-44E0-A981-2AA92278C6AC}.Release|Any CPU.ActiveCfg = Release|Any CPU
		{0A73DBDD-F212-44E0-A981-2AA92278C6AC}.Release|Any CPU.Build.0 = Release|Any CPU
		{904B1A7B-E44E-4CAE-8002-6CC27E418004}.Debug|Any CPU.ActiveCfg = Debug|Any CPU
		{904B1A7B-E44E-4CAE-8002-6CC27E418004}.Debug|Any CPU.Build.0 = Debug|Any CPU
		{904B1A7B-E44E-4CAE-8002-6CC27E418004}.Release|Any CPU.ActiveCfg = Release|Any CPU
		{904B1A7B-E44E-4CAE-8002-6CC27E418004}.Release|Any CPU.Build.0 = Release|Any CPU
		{FA1FB33E-408E-427E-AECB-BB5737854FCB}.Debug|Any CPU.ActiveCfg = Debug|Any CPU
		{FA1FB33E-408E-427E-AECB-BB5737854FCB}.Debug|Any CPU.Build.0 = Debug|Any CPU
		{FA1FB33E-408E-427E-AECB-BB5737854FCB}.Release|Any CPU.ActiveCfg = Release|Any CPU
		{FA1FB33E-408E-427E-AECB-BB5737854FCB}.Release|Any CPU.Build.0 = Release|Any CPU
		{82175383-839F-459E-A771-4C06A9DBA69B}.Debug|Any CPU.ActiveCfg = Debug|Any CPU
		{82175383-839F-459E-A771-4C06A9DBA69B}.Debug|Any CPU.Build.0 = Debug|Any CPU
		{82175383-839F-459E-A771-4C06A9DBA69B}.Release|Any CPU.ActiveCfg = Release|Any CPU
		{82175383-839F-459E-A771-4C06A9DBA69B}.Release|Any CPU.Build.0 = Release|Any CPU
		{0ED3023C-4EA4-4ABD-BFF3-69C8DF34647F}.Debug|Any CPU.ActiveCfg = Debug|Any CPU
		{0ED3023C-4EA4-4ABD-BFF3-69C8DF34647F}.Debug|Any CPU.Build.0 = Debug|Any CPU
		{0ED3023C-4EA4-4ABD-BFF3-69C8DF34647F}.Release|Any CPU.ActiveCfg = Release|Any CPU
		{0ED3023C-4EA4-4ABD-BFF3-69C8DF34647F}.Release|Any CPU.Build.0 = Release|Any CPU
	EndGlobalSection
	GlobalSection(SolutionProperties) = preSolution
		HideSolutionNode = FALSE
	EndGlobalSection
	GlobalSection(NestedProjects) = preSolution
		{B85411D5-4B82-4AA3-965A-D4E7CC6FF898} = {B1AEE6C3-0156-4E9C-B9F8-510E58F5BD50}
		{1FC4866C-4B94-4250-BAAD-89FAED9420B1} = {88FC391E-D9AC-40B2-A57F-5C2678EC3920}
		{909C5C5D-506E-4596-ACEB-3CD40877F6DF} = {C09F1606-01AC-45E5-B18D-CCFBDE505B83}
		{C6C7898C-0261-492E-9E37-80DD6A0AADCA} = {8BD6C67F-425A-4E20-937D-40FDF93EFC8F}
		{93775AB6-DDCF-4AD5-B52F-45DF7B9B498C} = {427727CF-5C18-446C-944D-BBE021BDBE83}
		{1557DB07-3208-406B-A257-DC0D76A3E2C7} = {BE5A7592-B2BF-46F9-9B95-6FC5B4D5EC25}
		{918A8BEA-046B-4E7E-A97A-B8B1BAD0999E} = {C09F1606-01AC-45E5-B18D-CCFBDE505B83}
		{8F641D89-51AA-4190-BF28-ED5D15DA2B33} = {C09F1606-01AC-45E5-B18D-CCFBDE505B83}
		{0A73DBDD-F212-44E0-A981-2AA92278C6AC} = {C09F1606-01AC-45E5-B18D-CCFBDE505B83}
		{904B1A7B-E44E-4CAE-8002-6CC27E418004} = {88FC391E-D9AC-40B2-A57F-5C2678EC3920}
		{FA1FB33E-408E-427E-AECB-BB5737854FCB} = {CAC03C1C-CDF6-4A3A-905E-E261BDD2BCDA}
		{82175383-839F-459E-A771-4C06A9DBA69B} = {CAC03C1C-CDF6-4A3A-905E-E261BDD2BCDA}
		{0ED3023C-4EA4-4ABD-BFF3-69C8DF34647F} = {CAC03C1C-CDF6-4A3A-905E-E261BDD2BCDA}
	EndGlobalSection
EndGlobal
